
Microsoft Visual Studio Solution File, Format Version 12.00
Project("{2150E333-8FDC-42A3-9474-1A3956D46DE8}") = "src", "src", "{8895C7E1-98ED-46D1-88D5-8299C4128161}"
EndProject
Project("{2150E333-8FDC-42A3-9474-1A3956D46DE8}") = "test", "test", "{E92000F6-08A5-4442-81F0-1C195ACB5D22}"
EndProject
Project("{FAE04EC0-301F-11D3-BF4B-00C04F79EFBC}") = "Homework1_Task1", "Homework1_Task1\Homework1_Task1.csproj", "{18C8B596-E45E-4991-9B6C-644B23E1BB60}"
EndProject
Project("{FAE04EC0-301F-11D3-BF4B-00C04F79EFBC}") = "Homework1_Task1_Test", "Homework1_Task1_Test\Homework1_Task1_Test.csproj", "{7597FE4E-36A8-46AA-9953-E2DADC4A8C19}"
EndProject
Project("{FAE04EC0-301F-11D3-BF4B-00C04F79EFBC}") = "Homework4", "Homework4\Homework4.csproj", "{460CCAB9-4C22-4D4D-A344-DE6FC072BA1A}"
EndProject
Global
	GlobalSection(SolutionConfigurationPlatforms) = preSolution
		Debug|Any CPU = Debug|Any CPU
		Release|Any CPU = Release|Any CPU
	EndGlobalSection
	GlobalSection(NestedProjects) = preSolution
		{18C8B596-E45E-4991-9B6C-644B23E1BB60} = {8895C7E1-98ED-46D1-88D5-8299C4128161}
		{7597FE4E-36A8-46AA-9953-E2DADC4A8C19} = {E92000F6-08A5-4442-81F0-1C195ACB5D22}
		{460CCAB9-4C22-4D4D-A344-DE6FC072BA1A} = {8895C7E1-98ED-46D1-88D5-8299C4128161}
	EndGlobalSection
	GlobalSection(ProjectConfigurationPlatforms) = postSolution
		{18C8B596-E45E-4991-9B6C-644B23E1BB60}.Debug|Any CPU.ActiveCfg = Debug|Any CPU
		{18C8B596-E45E-4991-9B6C-644B23E1BB60}.Debug|Any CPU.Build.0 = Debug|Any CPU
		{18C8B596-E45E-4991-9B6C-644B23E1BB60}.Release|Any CPU.ActiveCfg = Release|Any CPU
		{18C8B596-E45E-4991-9B6C-644B23E1BB60}.Release|Any CPU.Build.0 = Release|Any CPU
		{7597FE4E-36A8-46AA-9953-E2DADC4A8C19}.Debug|Any CPU.ActiveCfg = Debug|Any CPU
		{7597FE4E-36A8-46AA-9953-E2DADC4A8C19}.Debug|Any CPU.Build.0 = Debug|Any CPU
		{7597FE4E-36A8-46AA-9953-E2DADC4A8C19}.Release|Any CPU.ActiveCfg = Release|Any CPU
		{7597FE4E-36A8-46AA-9953-E2DADC4A8C19}.Release|Any CPU.Build.0 = Release|Any CPU
		{460CCAB9-4C22-4D4D-A344-DE6FC072BA1A}.Debug|Any CPU.ActiveCfg = Debug|Any CPU
		{460CCAB9-4C22-4D4D-A344-DE6FC072BA1A}.Debug|Any CPU.Build.0 = Debug|Any CPU
		{460CCAB9-4C22-4D4D-A344-DE6FC072BA1A}.Release|Any CPU.ActiveCfg = Release|Any CPU
		{460CCAB9-4C22-4D4D-A344-DE6FC072BA1A}.Release|Any CPU.Build.0 = Release|Any CPU
	EndGlobalSection
EndGlobal
